PODS:
  - SnapKit (5.6.0)
  - SwiftFormat/CLI (0.51.10)

DEPENDENCIES:
  - SnapKit (~> 5.6.0)
  - SwiftFormat/CLI

SPEC REPOS:
  trunk:
    - SnapKit
    - SwiftFormat

SPEC CHECKSUMS:
  SnapKit: e01d52ebb8ddbc333eefe2132acf85c8227d9c25
  SwiftFormat: dd051faa673f262603fe4b287a51dc5f3b973e27

PODFILE CHECKSUM: 12727a1023bddcf91bfe11955935196f87f6f5ff

COCOAPODS: 1.12.1
